
Microsoft Visual Studio Solution File, Format Version 12.00
# Visual Studio 15
VisualStudioVersion = 15.0.27428.2002
MinimumVisualStudioVersion = 10.0.40219.1
Project("{FAE04EC0-301F-11D3-BF4B-00C04F79EFBC}") = "CookBook.web", "CookBook.web\CookBook.web.csproj", "{433E0792-2BA5-4D42-8332-500B0129B5B8}"
EndProject
Global
	GlobalSection(SolutionConfigurationPlatforms) = preSolution
		Debug|Any CPU = Debug|Any CPU
		Release|Any CPU = Release|Any CPU
	EndGlobalSection
	GlobalSection(ProjectConfigurationPlatforms) = postSolution
		{433E0792-2BA5-4D42-8332-500B0129B5B8}.Debug|Any CPU.ActiveCfg = Debug|Any CPU
		{433E0792-2BA5-4D42-8332-500B0129B5B8}.Debug|Any CPU.Build.0 = Debug|Any CPU
		{433E0792-2BA5-4D42-8332-500B0129B5B8}.Release|Any CPU.ActiveCfg = Release|Any CPU
		{433E0792-2BA5-4D42-8332-500B0129B5B8}.Release|Any CPU.Build.0 = Release|Any CPU
	EndGlobalSection
	GlobalSection(SolutionProperties) = preSolution
		HideSolutionNode = FALSE
	EndGlobalSection
	GlobalSection(ExtensibilityGlobals) = postSolution
		SolutionGuid = {81097CA3-2D12-4EE9-A71F-B2437F5E323B}
	EndGlobalSection
EndGlobal
